
Microsoft Visual Studio Solution File, Format Version 12.00
# Visual Studio 14
VisualStudioVersion = 14.0.25420.1
MinimumVisualStudioVersion = 10.0.40219.1
Project("{FAE04EC0-301F-11D3-BF4B-00C04F79EFBC}") = "Mi-Share", "Mi-Share\Mi-Share.csproj", "{FF05B6B6-3157-4E8A-949D-58E9D5E4776C}"
EndProject
Global
	GlobalSection(SolutionConfigurationPlatforms) = preSolution
		Debug|Any CPU = Debug|Any CPU
		Release|Any CPU = Release|Any CPU
	EndGlobalSection
	GlobalSection(ProjectConfigurationPlatforms) = postSolution
		{FF05B6B6-3157-4E8A-949D-58E9D5E4776C}.Debug|Any CPU.ActiveCfg = Debug|Any CPU
		{FF05B6B6-3157-4E8A-949D-58E9D5E4776C}.Debug|Any CPU.Build.0 = Debug|Any CPU
		{FF05B6B6-3157-4E8A-949D-58E9D5E4776C}.Release|Any CPU.ActiveCfg = Release|Any CPU
		{FF05B6B6-3157-4E8A-949D-58E9D5E4776C}.Release|Any CPU.Build.0 = Release|Any CPU
	EndGlobalSection
	GlobalSection(SolutionProperties) = preSolution
		HideSolutionNode = FALSE
	EndGlobalSection
EndGlobal
